// !$*UTF8*$!
{
	archiveVersion = 1;
	classes = {
	};
	objectVersion = 46;
	objects = {

/* Begin PBXBuildFile section */
		0B76AC0522CA400E00E853BD /* Books.db in Resources */ = {isa = PBXBuildFile; fileRef = 0B76AC0422CA400E00E853BD /* Books.db */; };
		0B76AC0722CA422F00E853BD /* BooksManager_database_path_definition.swift in Sources */ = {isa = PBXBuildFile; fileRef = 0B76AC0622CA422F00E853BD /* BooksManager_database_path_definition.swift */; };
		0B76AC0A22CA447200E853BD /* libsqlite3.tbd in Frameworks */ = {isa = PBXBuildFile; fileRef = 0B76AC0922CA447200E853BD /* libsqlite3.tbd */; };
		0B76AC1822CA44EE00E853BD /* FMDatabasePool.m in Sources */ = {isa = PBXBuildFile; fileRef = 0B76AC0D22CA44ED00E853BD /* FMDatabasePool.m */; };
		0B76AC1922CA44EE00E853BD /* FMDatabaseAdditions.m in Sources */ = {isa = PBXBuildFile; fileRef = 0B76AC0F22CA44EE00E853BD /* FMDatabaseAdditions.m */; };
		0B76AC1A22CA44EE00E853BD /* FMDatabaseQueue.m in Sources */ = {isa = PBXBuildFile; fileRef = 0B76AC1122CA44EE00E853BD /* FMDatabaseQueue.m */; };
		0B76AC1B22CA44EE00E853BD /* FMResultSet.m in Sources */ = {isa = PBXBuildFile; fileRef = 0B76AC1622CA44EE00E853BD /* FMResultSet.m */; };
		0B76AC1C22CA44EE00E853BD /* FMDatabase.m in Sources */ = {isa = PBXBuildFile; fileRef = 0B76AC1722CA44EE00E853BD /* FMDatabase.m */; };
		0B76AC1F22CA478400E853BD /* BooksManager_getOpenDB_method_addition.swift in Sources */ = {isa = PBXBuildFile; fileRef = 0B76AC1E22CA478400E853BD /* BooksManager_getOpenDB_method_addition.swift */; };
		0B76AC2122CA496500E853BD /* Book_init_methods_update_for_DB.swift in Sources */ = {isa = PBXBuildFile; fileRef = 0B76AC2022CA496500E853BD /* Book_init_methods_update_for_DB.swift */; };
		0B76AC2322CA4AB000E853BD /* Book_struct_update_for_DB.swift in Sources */ = {isa = PBXBuildFile; fileRef = 0B76AC2222CA4AB000E853BD /* Book_struct_update_for_DB.swift */; };
		0B76AC2522CA4EC600E853BD /* BooksManager_retrieveBooks_method_addition.swift in Sources */ = {isa = PBXBuildFile; fileRef = 0B76AC2422CA4EC600E853BD /* BooksManager_retrieveBooks_method_addition.swift */; };
		0B76AC2722CA533800E853BD /* BooksManager_SQLAddBook_method_addition.swift in Sources */ = {isa = PBXBuildFile; fileRef = 0B76AC2622CA533800E853BD /* BooksManager_SQLAddBook_method_addition.swift */; };
		0B76AC2922CA576F00E853BD /* BooksManager_SQLRemove_UpdateBook_methods_addition.swift in Sources */ = {isa = PBXBuildFile; fileRef = 0B76AC2822CA576F00E853BD /* BooksManager_SQLRemove_UpdateBook_methods_addition.swift */; };
		0B76AC2B22CA58BD00E853BD /* BookViewController_touchSave_method_update_for_db.swift in Sources */ = {isa = PBXBuildFile; fileRef = 0B76AC2A22CA58BD00E853BD /* BookViewController_touchSave_method_update_for_db.swift */; };
		0B76AC2E22CA635100E853BD /* GoogleBooksService.swift in Sources */ = {isa = PBXBuildFile; fileRef = 0B76AC2D22CA635100E853BD /* GoogleBooksService.swift */; };
		0B76AC3022CA649300E853BD /* BookViewController_getBook_method_definition.swift in Sources */ = {isa = PBXBuildFile; fileRef = 0B76AC2F22CA649300E853BD /* BookViewController_getBook_method_definition.swift */; };
		0B76AC3222CA65E700E853BD /* GoogleBooksService_class_definition.swift in Sources */ = {isa = PBXBuildFile; fileRef = 0B76AC3122CA65E700E853BD /* GoogleBooksService_class_definition.swift */; };
		0B76AC3422CA688300E853BD /* BookViewController_foundBarcode_method_update.swift in Sources */ = {isa = PBXBuildFile; fileRef = 0B76AC3322CA688300E853BD /* BookViewController_foundBarcode_method_update.swift */; };
		0B76AC3622CA6AC400E853BD /* GoogleBooksService_class_definition_update.swift in Sources */ = {isa = PBXBuildFile; fileRef = 0B76AC3522CA6AC400E853BD /* GoogleBooksService_class_definition_update.swift */; };
		0B76AC3822CA6D3800E853BD /* GoogleBooksService_URL_definition.swift in Sources */ = {isa = PBXBuildFile; fileRef = 0B76AC3722CA6D3800E853BD /* GoogleBooksService_URL_definition.swift */; };
		0B76AC3A22CA6E1A00E853BD /* GoogleBooksService_URLRequest_definition.swift in Sources */ = {isa = PBXBuildFile; fileRef = 0B76AC3922CA6E1A00E853BD /* GoogleBooksService_URLRequest_definition.swift */; };
		0B76AC3C22CA6FBD00E853BD /* GoogleBooksService_dataTask_definition.swift in Sources */ = {isa = PBXBuildFile; fileRef = 0B76AC3B22CA6FBD00E853BD /* GoogleBooksService_dataTask_definition.swift */; };
		0B76AC3E22CA712400E853BD /* GoogleBooksService_parseJSON_method_definition.swift in Sources */ = {isa = PBXBuildFile; fileRef = 0B76AC3D22CA712400E853BD /* GoogleBooksService_parseJSON_method_definition.swift */; };
		0B76AC4022CA737F00E853BD /* GoogleBooksService_parseJSON_method_update.swift in Sources */ = {isa = PBXBuildFile; fileRef = 0B76AC3F22CA737F00E853BD /* GoogleBooksService_parseJSON_method_update.swift */; };
		0B7888CF22C11CD100EEBD4D /* BookViewController_Book_instance_addition.swift in Sources */ = {isa = PBXBuildFile; fileRef = 0B7888CE22C11CD100EEBD4D /* BookViewController_Book_instance_addition.swift */; };
		0B7888D122C122D900EEBD4D /* BooksTableViewController_prepareForSegue_update_for_editing.swift in Sources */ = {isa = PBXBuildFile; fileRef = 0B7888D022C122D900EEBD4D /* BooksTableViewController_prepareForSegue_update_for_editing.swift */; };
		0B7888D322C129E100EEBD4D /* BookViewController_dissmissMe_method_update.swift in Sources */ = {isa = PBXBuildFile; fileRef = 0B7888D222C129E100EEBD4D /* BookViewController_dissmissMe_method_update.swift */; };
		0BA8F26E22C12C020038A28C /* BooksManagerAndController_updateBook_handling.swift in Sources */ = {isa = PBXBuildFile; fileRef = 0BA8F26D22C12C020038A28C /* BooksManagerAndController_updateBook_handling.swift */; };
		0BA8F27022C1301E0038A28C /* BooksManagerAndController_removeBook_handling.swift in Sources */ = {isa = PBXBuildFile; fileRef = 0BA8F26F22C1301E0038A28C /* BooksManagerAndController_removeBook_handling.swift */; };
		0BA8F27322C134C60038A28C /* BookcaseMedia.zip in Resources */ = {isa = PBXBuildFile; fileRef = 0BA8F27222C134C60038A28C /* BookcaseMedia.zip */; };
		0BB3D6CA22BE802E00D59545 /* BooksTableViewController.swift in Sources */ = {isa = PBXBuildFile; fileRef = 0BB3D6C922BE802E00D59545 /* BooksTableViewController.swift */; };
		0BB3D6CE22BE837200D59545 /* BooksTableViewController_rows_handling_test.swift in Sources */ = {isa = PBXBuildFile; fileRef = 0BB3D6CD22BE837200D59545 /* BooksTableViewController_rows_handling_test.swift */; };
		0BB3D6D022BE893700D59545 /* Book.swift in Sources */ = {isa = PBXBuildFile; fileRef = 0BB3D6CF22BE893700D59545 /* Book.swift */; };
		0BB3D6D222BE89C200D59545 /* Book_model_definition.swift in Sources */ = {isa = PBXBuildFile; fileRef = 0BB3D6D122BE89C200D59545 /* Book_model_definition.swift */; };
		0BB3D6D422BE8A1600D59545 /* BooksManager.swift in Sources */ = {isa = PBXBuildFile; fileRef = 0BB3D6D322BE8A1600D59545 /* BooksManager.swift */; };
		0BB3D6D622BE8B7D00D59545 /* BooksManager_class_definition.swift in Sources */ = {isa = PBXBuildFile; fileRef = 0BB3D6D522BE8B7D00D59545 /* BooksManager_class_definition.swift */; };
		0BB3D6D822BE8E6700D59545 /* BooksTableViewController_cell_content_definition.swift in Sources */ = {isa = PBXBuildFile; fileRef = 0BB3D6D722BE8E6700D59545 /* BooksTableViewController_cell_content_definition.swift */; };
		0BB3D6DB22BE979100D59545 /* BookViewController_navigation_methods_definition.swift in Sources */ = {isa = PBXBuildFile; fileRef = 0BB3D6DA22BE979100D59545 /* BookViewController_navigation_methods_definition.swift */; };
		0BB3D6DD22BEA22900D59545 /* BookViewController.swift in Sources */ = {isa = PBXBuildFile; fileRef = 0BB3D6DC22BEA22900D59545 /* BookViewController.swift */; };
		0BB3FD8122C51BDC00750D99 /* BookViewController_infoButton_addition.swift in Sources */ = {isa = PBXBuildFile; fileRef = 0BB3FD8022C51BDC00750D99 /* BookViewController_infoButton_addition.swift */; };
		0BB3FD8322C51FEB00750D99 /* BookViewController_toogleISBN_method_addition.swift in Sources */ = {isa = PBXBuildFile; fileRef = 0BB3FD8222C51FEB00750D99 /* BookViewController_toogleISBN_method_addition.swift */; };
		0BB3FD8522C5215E00750D99 /* BookViewController_userdefaults_reading.swift in Sources */ = {isa = PBXBuildFile; fileRef = 0BB3FD8422C5215E00750D99 /* BookViewController_userdefaults_reading.swift */; };
		0BD56F5322BEA5E900669D09 /* BookViewController_BookViewControllerDelegate_protocol_definition.swift in Sources */ = {isa = PBXBuildFile; fileRef = 0BD56F5222BEA5E900669D09 /* BookViewController_BookViewControllerDelegate_protocol_definition.swift */; };
		0BD56F5522BEA90500669D09 /* BookViewController_form_outlets_and_touch_save_method_update.swift in Sources */ = {isa = PBXBuildFile; fileRef = 0BD56F5422BEA90500669D09 /* BookViewController_form_outlets_and_touch_save_method_update.swift */; };
		0BD56F5722BEAD8B00669D09 /* BooksTableViewController_prepareForSegue_and_delegate_protocol_definition.swift in Sources */ = {isa = PBXBuildFile; fileRef = 0BD56F5622BEAD8B00669D09 /* BooksTableViewController_prepareForSegue_and_delegate_protocol_definition.swift */; };
		0BE10B5B22C39786001A093A /* BarcodeViewController_AVCaptureSession_setup.swift in Sources */ = {isa = PBXBuildFile; fileRef = 0BE10B5A22C39786001A093A /* BarcodeViewController_AVCaptureSession_setup.swift */; };
		0BE10B5D22C3999C001A093A /* BarcodeViewController_CaptureDeviceInput_definition.swift in Sources */ = {isa = PBXBuildFile; fileRef = 0BE10B5C22C3999C001A093A /* BarcodeViewController_CaptureDeviceInput_definition.swift */; };
		0BE10B5F22C39B4D001A093A /* BarcodeViewController_CaptureSession_input_connection.swift in Sources */ = {isa = PBXBuildFile; fileRef = 0BE10B5E22C39B4D001A093A /* BarcodeViewController_CaptureSession_input_connection.swift */; };
		0BE10B6122C39CE3001A093A /* BarcodeViewController_metadataOutput_configuration.swift in Sources */ = {isa = PBXBuildFile; fileRef = 0BE10B6022C39CE3001A093A /* BarcodeViewController_metadataOutput_configuration.swift */; };
		0BE10B6522C3A266001A093A /* BarcodeViewController_barcode_reading_handling.swift in Sources */ = {isa = PBXBuildFile; fileRef = 0BE10B6422C3A266001A093A /* BarcodeViewController_barcode_reading_handling.swift */; };
		0BE10B6722C3A589001A093A /* BarcodeViewController_camera_preview_addition.swift in Sources */ = {isa = PBXBuildFile; fileRef = 0BE10B6622C3A589001A093A /* BarcodeViewController_camera_preview_addition.swift */; };
		0BEC061722C2610F0099DA47 /* BarcodeViewController.swift in Sources */ = {isa = PBXBuildFile; fileRef = 0BEC061622C2610F0099DA47 /* BarcodeViewController.swift */; };
		0BEC061A22C262CC0099DA47 /* BarcodeViewController_touchCancel_method_addition.swift in Sources */ = {isa = PBXBuildFile; fileRef = 0BEC061922C262CC0099DA47 /* BarcodeViewController_touchCancel_method_addition.swift */; };
		0BEC061C22C2641A0099DA47 /* BarcodeViewController_BarcodeViewControllerDelegate_protocol_addition.swift in Sources */ = {isa = PBXBuildFile; fileRef = 0BEC061B22C2641A0099DA47 /* BarcodeViewController_BarcodeViewControllerDelegate_protocol_addition.swift */; };
		0BEC061E22C266D90099DA47 /* BookViewController_delegate_handling_barcode_notification.swift in Sources */ = {isa = PBXBuildFile; fileRef = 0BEC061D22C266D90099DA47 /* BookViewController_delegate_handling_barcode_notification.swift */; };
		B9019F7B1CE229D500CAE744 /* AppDelegate.swift in Sources */ = {isa = PBXBuildFile; fileRef = B9019F7A1CE229D500CAE744 /* AppDelegate.swift */; };
		B9019F801CE229D500CAE744 /* Main.storyboard in Resources */ = {isa = PBXBuildFile; fileRef = B9019F7E1CE229D500CAE744 /* Main.storyboard */; };
		B9019F821CE229D500CAE744 /* Assets.xcassets in Resources */ = {isa = PBXBuildFile; fileRef = B9019F811CE229D500CAE744 /* Assets.xcassets */; };
		B9019F851CE229D500CAE744 /* LaunchScreen.storyboard in Resources */ = {isa = PBXBuildFile; fileRef = B9019F831CE229D500CAE744 /* LaunchScreen.storyboard */; };
		B9019F901CE229D500CAE744 /* BookcaseTests.swift in Sources */ = {isa = PBXBuildFile; fileRef = B9019F8F1CE229D500CAE744 /* BookcaseTests.swift */; };
		B9019F9B1CE229D500CAE744 /* BookcaseUITests.swift in Sources */ = {isa = PBXBuildFile; fileRef = B9019F9A1CE229D500CAE744 /* BookcaseUITests.swift */; };
/* End PBXBuildFile section */

/* Begin PBXContainerItemProxy section */
		B9019F8C1CE229D500CAE744 /* PBXContainerItemProxy */ = {
			isa = PBXContainerItemProxy;
			containerPortal = B9019F6F1CE229D500CAE744 /* Project object */;
			proxyType = 1;
			remoteGlobalIDString = B9019F761CE229D500CAE744;
			remoteInfo = Bookcase;
		};
		B9019F971CE229D500CAE744 /* PBXContainerItemProxy */ = {
			isa = PBXContainerItemProxy;
			containerPortal = B9019F6F1CE229D500CAE744 /* Project object */;
			proxyType = 1;
			remoteGlobalIDString = B9019F761CE229D500CAE744;
			remoteInfo = Bookcase;
		};
/* End PBXContainerItemProxy section */

/* Begin PBXFileReference section */
		0B76AC0322CA3F4100E853BD /* Books.db */ = {isa = PBXFileReference; lastKnownFileType = file; path = Books.db; sourceTree = "<group>"; };
		0B76AC0422CA400E00E853BD /* Books.db */ = {isa = PBXFileReference; lastKnownFileType = file; path = Books.db; sourceTree = "<group>"; };
		0B76AC0622CA422F00E853BD /* BooksManager_database_path_definition.swift */ = {isa = PBXFileReference; lastKnownFileType = sourcecode.swift; path = BooksManager_database_path_definition.swift; sourceTree = "<group>"; };
		0B76AC0922CA447200E853BD /* libsqlite3.tbd */ = {isa = PBXFileReference; lastKnownFileType = "sourcecode.text-based-dylib-definition"; name = libsqlite3.tbd; path = usr/lib/libsqlite3.tbd; sourceTree = SDKROOT; };
		0B76AC0C22CA44ED00E853BD /* Bookcase-Bridging-Header.h */ = {isa = PBXFileReference; lastKnownFileType = sourcecode.c.h; path = "Bookcase-Bridging-Header.h"; sourceTree = "<group>"; };
		0B76AC0D22CA44ED00E853BD /* FMDatabasePool.m */ = {isa = PBXFileReference; fileEncoding = 4; lastKnownFileType = sourcecode.c.objc; path = FMDatabasePool.m; sourceTree = "<group>"; };
		0B76AC0E22CA44EE00E853BD /* FMDatabasePool.h */ = {isa = PBXFileReference; fileEncoding = 4; lastKnownFileType = sourcecode.c.h; path = FMDatabasePool.h; sourceTree = "<group>"; };
		0B76AC0F22CA44EE00E853BD /* FMDatabaseAdditions.m */ = {isa = PBXFileReference; fileEncoding = 4; lastKnownFileType = sourcecode.c.objc; path = FMDatabaseAdditions.m; sourceTree = "<group>"; };
		0B76AC1022CA44EE00E853BD /* FMDatabaseQueue.h */ = {isa = PBXFileReference; fileEncoding = 4; lastKnownFileType = sourcecode.c.h; path = FMDatabaseQueue.h; sourceTree = "<group>"; };
		0B76AC1122CA44EE00E853BD /* FMDatabaseQueue.m */ = {isa = PBXFileReference; fileEncoding = 4; lastKnownFileType = sourcecode.c.objc; path = FMDatabaseQueue.m; sourceTree = "<group>"; };
		0B76AC1222CA44EE00E853BD /* FMDB.h */ = {isa = PBXFileReference; fileEncoding = 4; lastKnownFileType = sourcecode.c.h; path = FMDB.h; sourceTree = "<group>"; };
		0B76AC1322CA44EE00E853BD /* FMDatabaseAdditions.h */ = {isa = PBXFileReference; fileEncoding = 4; lastKnownFileType = sourcecode.c.h; path = FMDatabaseAdditions.h; sourceTree = "<group>"; };
		0B76AC1422CA44EE00E853BD /* FMDatabase.h */ = {isa = PBXFileReference; fileEncoding = 4; lastKnownFileType = sourcecode.c.h; path = FMDatabase.h; sourceTree = "<group>"; };
		0B76AC1522CA44EE00E853BD /* FMResultSet.h */ = {isa = PBXFileReference; fileEncoding = 4; lastKnownFileType = sourcecode.c.h; path = FMResultSet.h; sourceTree = "<group>"; };
		0B76AC1622CA44EE00E853BD /* FMResultSet.m */ = {isa = PBXFileReference; fileEncoding = 4; lastKnownFileType = sourcecode.c.objc; path = FMResultSet.m; sourceTree = "<group>"; };
		0B76AC1722CA44EE00E853BD /* FMDatabase.m */ = {isa = PBXFileReference; fileEncoding = 4; lastKnownFileType = sourcecode.c.objc; path = FMDatabase.m; sourceTree = "<group>"; };
		0B76AC1D22CA463C00E853BD /* Bookcase-Bridging-Header_FMDB_header_import.h */ = {isa = PBXFileReference; lastKnownFileType = sourcecode.c.h; path = "Bookcase-Bridging-Header_FMDB_header_import.h"; sourceTree = "<group>"; };
		0B76AC1E22CA478400E853BD /* BooksManager_getOpenDB_method_addition.swift */ = {isa = PBXFileReference; lastKnownFileType = sourcecode.swift; path = BooksManager_getOpenDB_method_addition.swift; sourceTree = "<group>"; };
		0B76AC2022CA496500E853BD /* Book_init_methods_update_for_DB.swift */ = {isa = PBXFileReference; lastKnownFileType = sourcecode.swift; path = Book_init_methods_update_for_DB.swift; sourceTree = "<group>"; };
		0B76AC2222CA4AB000E853BD /* Book_struct_update_for_DB.swift */ = {isa = PBXFileReference; lastKnownFileType = sourcecode.swift; path = Book_struct_update_for_DB.swift; sourceTree = "<group>"; };
		0B76AC2422CA4EC600E853BD /* BooksManager_retrieveBooks_method_addition.swift */ = {isa = PBXFileReference; lastKnownFileType = sourcecode.swift; path = BooksManager_retrieveBooks_method_addition.swift; sourceTree = "<group>"; };
		0B76AC2622CA533800E853BD /* BooksManager_SQLAddBook_method_addition.swift */ = {isa = PBXFileReference; lastKnownFileType = sourcecode.swift; path = BooksManager_SQLAddBook_method_addition.swift; sourceTree = "<group>"; };
		0B76AC2822CA576F00E853BD /* BooksManager_SQLRemove_UpdateBook_methods_addition.swift */ = {isa = PBXFileReference; lastKnownFileType = sourcecode.swift; path = BooksManager_SQLRemove_UpdateBook_methods_addition.swift; sourceTree = "<group>"; };
		0B76AC2A22CA58BD00E853BD /* BookViewController_touchSave_method_update_for_db.swift */ = {isa = PBXFileReference; lastKnownFileType = sourcecode.swift; path = BookViewController_touchSave_method_update_for_db.swift; sourceTree = "<group>"; };
		0B76AC2D22CA635100E853BD /* GoogleBooksService.swift */ = {isa = PBXFileReference; lastKnownFileType = sourcecode.swift; path = GoogleBooksService.swift; sourceTree = "<group>"; };
		0B76AC2F22CA649300E853BD /* BookViewController_getBook_method_definition.swift */ = {isa = PBXFileReference; lastKnownFileType = sourcecode.swift; path = BookViewController_getBook_method_definition.swift; sourceTree = "<group>"; };
		0B76AC3122CA65E700E853BD /* GoogleBooksService_class_definition.swift */ = {isa = PBXFileReference; lastKnownFileType = sourcecode.swift; path = GoogleBooksService_class_definition.swift; sourceTree = "<group>"; };
		0B76AC3322CA688300E853BD /* BookViewController_foundBarcode_method_update.swift */ = {isa = PBXFileReference; lastKnownFileType = sourcecode.swift; path = BookViewController_foundBarcode_method_update.swift; sourceTree = "<group>"; };
		0B76AC3522CA6AC400E853BD /* GoogleBooksService_class_definition_update.swift */ = {isa = PBXFileReference; lastKnownFileType = sourcecode.swift; path = GoogleBooksService_class_definition_update.swift; sourceTree = "<group>"; };
		0B76AC3722CA6D3800E853BD /* GoogleBooksService_URL_definition.swift */ = {isa = PBXFileReference; lastKnownFileType = sourcecode.swift; path = GoogleBooksService_URL_definition.swift; sourceTree = "<group>"; };
		0B76AC3922CA6E1A00E853BD /* GoogleBooksService_URLRequest_definition.swift */ = {isa = PBXFileReference; lastKnownFileType = sourcecode.swift; path = GoogleBooksService_URLRequest_definition.swift; sourceTree = "<group>"; };
		0B76AC3B22CA6FBD00E853BD /* GoogleBooksService_dataTask_definition.swift */ = {isa = PBXFileReference; lastKnownFileType = sourcecode.swift; path = GoogleBooksService_dataTask_definition.swift; sourceTree = "<group>"; };
		0B76AC3D22CA712400E853BD /* GoogleBooksService_parseJSON_method_definition.swift */ = {isa = PBXFileReference; lastKnownFileType = sourcecode.swift; path = GoogleBooksService_parseJSON_method_definition.swift; sourceTree = "<group>"; };
		0B76AC3F22CA737F00E853BD /* GoogleBooksService_parseJSON_method_update.swift */ = {isa = PBXFileReference; lastKnownFileType = sourcecode.swift; path = GoogleBooksService_parseJSON_method_update.swift; sourceTree = "<group>"; };
		0B7888CE22C11CD100EEBD4D /* BookViewController_Book_instance_addition.swift */ = {isa = PBXFileReference; lastKnownFileType = sourcecode.swift; path = BookViewController_Book_instance_addition.swift; sourceTree = "<group>"; };
		0B7888D022C122D900EEBD4D /* BooksTableViewController_prepareForSegue_update_for_editing.swift */ = {isa = PBXFileReference; lastKnownFileType = sourcecode.swift; path = BooksTableViewController_prepareForSegue_update_for_editing.swift; sourceTree = "<group>"; };
		0B7888D222C129E100EEBD4D /* BookViewController_dissmissMe_method_update.swift */ = {isa = PBXFileReference; lastKnownFileType = sourcecode.swift; path = BookViewController_dissmissMe_method_update.swift; sourceTree = "<group>"; };
		0BA8F26D22C12C020038A28C /* BooksManagerAndController_updateBook_handling.swift */ = {isa = PBXFileReference; lastKnownFileType = sourcecode.swift; path = BooksManagerAndController_updateBook_handling.swift; sourceTree = "<group>"; };
		0BA8F26F22C1301E0038A28C /* BooksManagerAndController_removeBook_handling.swift */ = {isa = PBXFileReference; lastKnownFileType = sourcecode.swift; path = BooksManagerAndController_removeBook_handling.swift; sourceTree = "<group>"; };
		0BA8F27222C134C60038A28C /* BookcaseMedia.zip */ = {isa = PBXFileReference; lastKnownFileType = archive.zip; path = BookcaseMedia.zip; sourceTree = "<group>"; };
		0BB3D6C922BE802E00D59545 /* BooksTableViewController.swift */ = {isa = PBXFileReference; lastKnownFileType = sourcecode.swift; path = BooksTableViewController.swift; sourceTree = "<group>"; };
		0BB3D6CD22BE837200D59545 /* BooksTableViewController_rows_handling_test.swift */ = {isa = PBXFileReference; lastKnownFileType = sourcecode.swift; path = BooksTableViewController_rows_handling_test.swift; sourceTree = "<group>"; };
		0BB3D6CF22BE893700D59545 /* Book.swift */ = {isa = PBXFileReference; lastKnownFileType = sourcecode.swift; path = Book.swift; sourceTree = "<group>"; };
		0BB3D6D122BE89C200D59545 /* Book_model_definition.swift */ = {isa = PBXFileReference; lastKnownFileType = sourcecode.swift; path = Book_model_definition.swift; sourceTree = "<group>"; };
		0BB3D6D322BE8A1600D59545 /* BooksManager.swift */ = {isa = PBXFileReference; lastKnownFileType = sourcecode.swift; path = BooksManager.swift; sourceTree = "<group>"; };
		0BB3D6D522BE8B7D00D59545 /* BooksManager_class_definition.swift */ = {isa = PBXFileReference; lastKnownFileType = sourcecode.swift; path = BooksManager_class_definition.swift; sourceTree = "<group>"; };
		0BB3D6D722BE8E6700D59545 /* BooksTableViewController_cell_content_definition.swift */ = {isa = PBXFileReference; lastKnownFileType = sourcecode.swift; path = BooksTableViewController_cell_content_definition.swift; sourceTree = "<group>"; };
		0BB3D6DA22BE979100D59545 /* BookViewController_navigation_methods_definition.swift */ = {isa = PBXFileReference; lastKnownFileType = sourcecode.swift; path = BookViewController_navigation_methods_definition.swift; sourceTree = "<group>"; };
		0BB3D6DC22BEA22900D59545 /* BookViewController.swift */ = {isa = PBXFileReference; lastKnownFileType = sourcecode.swift; path = BookViewController.swift; sourceTree = "<group>"; };
		0BB3FD8022C51BDC00750D99 /* BookViewController_infoButton_addition.swift */ = {isa = PBXFileReference; lastKnownFileType = sourcecode.swift; path = BookViewController_infoButton_addition.swift; sourceTree = "<group>"; };
		0BB3FD8222C51FEB00750D99 /* BookViewController_toogleISBN_method_addition.swift */ = {isa = PBXFileReference; lastKnownFileType = sourcecode.swift; path = BookViewController_toogleISBN_method_addition.swift; sourceTree = "<group>"; };
		0BB3FD8422C5215E00750D99 /* BookViewController_userdefaults_reading.swift */ = {isa = PBXFileReference; lastKnownFileType = sourcecode.swift; path = BookViewController_userdefaults_reading.swift; sourceTree = "<group>"; };
		0BD56F5222BEA5E900669D09 /* BookViewController_BookViewControllerDelegate_protocol_definition.swift */ = {isa = PBXFileReference; lastKnownFileType = sourcecode.swift; path = BookViewController_BookViewControllerDelegate_protocol_definition.swift; sourceTree = "<group>"; };
		0BD56F5422BEA90500669D09 /* BookViewController_form_outlets_and_touch_save_method_update.swift */ = {isa = PBXFileReference; lastKnownFileType = sourcecode.swift; path = BookViewController_form_outlets_and_touch_save_method_update.swift; sourceTree = "<group>"; };
		0BD56F5622BEAD8B00669D09 /* BooksTableViewController_prepareForSegue_and_delegate_protocol_definition.swift */ = {isa = PBXFileReference; lastKnownFileType = sourcecode.swift; path = BooksTableViewController_prepareForSegue_and_delegate_protocol_definition.swift; sourceTree = "<group>"; };
		0BE10B5A22C39786001A093A /* BarcodeViewController_AVCaptureSession_setup.swift */ = {isa = PBXFileReference; lastKnownFileType = sourcecode.swift; path = BarcodeViewController_AVCaptureSession_setup.swift; sourceTree = "<group>"; };
		0BE10B5C22C3999C001A093A /* BarcodeViewController_CaptureDeviceInput_definition.swift */ = {isa = PBXFileReference; lastKnownFileType = sourcecode.swift; path = BarcodeViewController_CaptureDeviceInput_definition.swift; sourceTree = "<group>"; };
		0BE10B5E22C39B4D001A093A /* BarcodeViewController_CaptureSession_input_connection.swift */ = {isa = PBXFileReference; lastKnownFileType = sourcecode.swift; path = BarcodeViewController_CaptureSession_input_connection.swift; sourceTree = "<group>"; };
		0BE10B6022C39CE3001A093A /* BarcodeViewController_metadataOutput_configuration.swift */ = {isa = PBXFileReference; lastKnownFileType = sourcecode.swift; path = BarcodeViewController_metadataOutput_configuration.swift; sourceTree = "<group>"; };
		0BE10B6422C3A266001A093A /* BarcodeViewController_barcode_reading_handling.swift */ = {isa = PBXFileReference; lastKnownFileType = sourcecode.swift; path = BarcodeViewController_barcode_reading_handling.swift; sourceTree = "<group>"; };
		0BE10B6622C3A589001A093A /* BarcodeViewController_camera_preview_addition.swift */ = {isa = PBXFileReference; lastKnownFileType = sourcecode.swift; path = BarcodeViewController_camera_preview_addition.swift; sourceTree = "<group>"; };
		0BEC061622C2610F0099DA47 /* BarcodeViewController.swift */ = {isa = PBXFileReference; lastKnownFileType = sourcecode.swift; path = BarcodeViewController.swift; sourceTree = "<group>"; };
		0BEC061922C262CC0099DA47 /* BarcodeViewController_touchCancel_method_addition.swift */ = {isa = PBXFileReference; lastKnownFileType = sourcecode.swift; path = BarcodeViewController_touchCancel_method_addition.swift; sourceTree = "<group>"; };
		0BEC061B22C2641A0099DA47 /* BarcodeViewController_BarcodeViewControllerDelegate_protocol_addition.swift */ = {isa = PBXFileReference; lastKnownFileType = sourcecode.swift; path = BarcodeViewController_BarcodeViewControllerDelegate_protocol_addition.swift; sourceTree = "<group>"; };
		0BEC061D22C266D90099DA47 /* BookViewController_delegate_handling_barcode_notification.swift */ = {isa = PBXFileReference; lastKnownFileType = sourcecode.swift; path = BookViewController_delegate_handling_barcode_notification.swift; sourceTree = "<group>"; };
		B9019F771CE229D500CAE744 /* Bookcase.app */ = {isa = PBXFileReference; explicitFileType = wrapper.application; includeInIndex = 0; path = Bookcase.app; sourceTree = BUILT_PRODUCTS_DIR; };
		B9019F7A1CE229D500CAE744 /* AppDelegate.swift */ = {isa = PBXFileReference; lastKnownFileType = sourcecode.swift; path = AppDelegate.swift; sourceTree = "<group>"; };
		B9019F7F1CE229D500CAE744 /* Base */ = {isa = PBXFileReference; lastKnownFileType = file.storyboard; name = Base; path = Base.lproj/Main.storyboard; sourceTree = "<group>"; };
		B9019F811CE229D500CAE744 /* Assets.xcassets */ = {isa = PBXFileReference; lastKnownFileType = folder.assetcatalog; path = Assets.xcassets; sourceTree = "<group>"; };
		B9019F841CE229D500CAE744 /* Base */ = {isa = PBXFileReference; lastKnownFileType = file.storyboard; name = Base; path = Base.lproj/LaunchScreen.storyboard; sourceTree = "<group>"; };
		B9019F861CE229D500CAE744 /* Info.plist */ = {isa = PBXFileReference; lastKnownFileType = text.plist.xml; path = Info.plist; sourceTree = "<group>"; };
		B9019F8B1CE229D500CAE744 /* BookcaseTests.xctest */ = {isa = PBXFileReference; explicitFileType = wrapper.cfbundle; includeInIndex = 0; path = BookcaseTests.xctest; sourceTree = BUILT_PRODUCTS_DIR; };
		B9019F8F1CE229D500CAE744 /* BookcaseTests.swift */ = {isa = PBXFileReference; lastKnownFileType = sourcecode.swift; path = BookcaseTests.swift; sourceTree = "<group>"; };
		B9019F911CE229D500CAE744 /* Info.plist */ = {isa = PBXFileReference; lastKnownFileType = text.plist.xml; path = Info.plist; sourceTree = "<group>"; };
		B9019F961CE229D500CAE744 /* BookcaseUITests.xctest */ = {isa = PBXFileReference; explicitFileType = wrapper.cfbundle; includeInIndex = 0; path = BookcaseUITests.xctest; sourceTree = BUILT_PRODUCTS_DIR; };
		B9019F9A1CE229D500CAE744 /* BookcaseUITests.swift */ = {isa = PBXFileReference; lastKnownFileType = sourcecode.swift; path = BookcaseUITests.swift; sourceTree = "<group>"; };
		B9019F9C1CE229D500CAE744 /* Info.plist */ = {isa = PBXFileReference; lastKnownFileType = text.plist.xml; path = Info.plist; sourceTree = "<group>"; };
/* End PBXFileReference section */

/* Begin PBXFrameworksBuildPhase section */
		B9019F741CE229D500CAE744 /* Frameworks */ = {
			isa = PBXFrameworksBuildPhase;
			buildActionMask = 2147483647;
			files = (
				0B76AC0A22CA447200E853BD /* libsqlite3.tbd in Frameworks */,
			);
			runOnlyForDeploymentPostprocessing = 0;
		};
		B9019F881CE229D500CAE744 /* Frameworks */ = {
			isa = PBXFrameworksBuildPhase;
			buildActionMask = 2147483647;
			files = (
			);
			runOnlyForDeploymentPostprocessing = 0;
		};
		B9019F931CE229D500CAE744 /* Frameworks */ = {
			isa = PBXFrameworksBuildPhase;
			buildActionMask = 2147483647;
			files = (
			);
			runOnlyForDeploymentPostprocessing = 0;
		};
/* End PBXFrameworksBuildPhase section */

/* Begin PBXGroup section */
		0B76AC0222CA3E9A00E853BD /* databases */ = {
			isa = PBXGroup;
			children = (
				0B76AC0322CA3F4100E853BD /* Books.db */,
				0B76AC0622CA422F00E853BD /* BooksManager_database_path_definition.swift */,
				0B76AC1D22CA463C00E853BD /* Bookcase-Bridging-Header_FMDB_header_import.h */,
				0B76AC1E22CA478400E853BD /* BooksManager_getOpenDB_method_addition.swift */,
				0B76AC2022CA496500E853BD /* Book_init_methods_update_for_DB.swift */,
				0B76AC2222CA4AB000E853BD /* Book_struct_update_for_DB.swift */,
				0B76AC2422CA4EC600E853BD /* BooksManager_retrieveBooks_method_addition.swift */,
				0B76AC2622CA533800E853BD /* BooksManager_SQLAddBook_method_addition.swift */,
				0B76AC2822CA576F00E853BD /* BooksManager_SQLRemove_UpdateBook_methods_addition.swift */,
				0B76AC2A22CA58BD00E853BD /* BookViewController_touchSave_method_update_for_db.swift */,
			);
			path = databases;
			sourceTree = "<group>";
		};
		0B76AC0822CA447100E853BD /* Frameworks */ = {
			isa = PBXGroup;
			children = (
				0B76AC0922CA447200E853BD /* libsqlite3.tbd */,
			);
			name = Frameworks;
			sourceTree = "<group>";
		};
		0B76AC0B22CA44D300E853BD /* fmdb */ = {
			isa = PBXGroup;
			children = (
				0B76AC1422CA44EE00E853BD /* FMDatabase.h */,
				0B76AC1722CA44EE00E853BD /* FMDatabase.m */,
				0B76AC1322CA44EE00E853BD /* FMDatabaseAdditions.h */,
				0B76AC0F22CA44EE00E853BD /* FMDatabaseAdditions.m */,
				0B76AC0E22CA44EE00E853BD /* FMDatabasePool.h */,
				0B76AC0D22CA44ED00E853BD /* FMDatabasePool.m */,
				0B76AC1022CA44EE00E853BD /* FMDatabaseQueue.h */,
				0B76AC1122CA44EE00E853BD /* FMDatabaseQueue.m */,
				0B76AC1222CA44EE00E853BD /* FMDB.h */,
				0B76AC1522CA44EE00E853BD /* FMResultSet.h */,
				0B76AC1622CA44EE00E853BD /* FMResultSet.m */,
				0B76AC0C22CA44ED00E853BD /* Bookcase-Bridging-Header.h */,
			);
			path = fmdb;
			sourceTree = "<group>";
		};
		0B76AC2C22CA628700E853BD /* networking-task */ = {
			isa = PBXGroup;
			children = (
				0B76AC2F22CA649300E853BD /* BookViewController_getBook_method_definition.swift */,
				0B76AC3122CA65E700E853BD /* GoogleBooksService_class_definition.swift */,
				0B76AC3322CA688300E853BD /* BookViewController_foundBarcode_method_update.swift */,
				0B76AC3522CA6AC400E853BD /* GoogleBooksService_class_definition_update.swift */,
				0B76AC3722CA6D3800E853BD /* GoogleBooksService_URL_definition.swift */,
				0B76AC3922CA6E1A00E853BD /* GoogleBooksService_URLRequest_definition.swift */,
				0B76AC3B22CA6FBD00E853BD /* GoogleBooksService_dataTask_definition.swift */,
				0B76AC3D22CA712400E853BD /* GoogleBooksService_parseJSON_method_definition.swift */,
				0B76AC3F22CA737F00E853BD /* GoogleBooksService_parseJSON_method_update.swift */,
			);
			path = "networking-task";
			sourceTree = "<group>";
		};
		0B7888CD22C11A9000EEBD4D /* crud */ = {
			isa = PBXGroup;
			children = (
				0B7888CE22C11CD100EEBD4D /* BookViewController_Book_instance_addition.swift */,
				0B7888D022C122D900EEBD4D /* BooksTableViewController_prepareForSegue_update_for_editing.swift */,
				0B7888D222C129E100EEBD4D /* BookViewController_dissmissMe_method_update.swift */,
				0BA8F26D22C12C020038A28C /* BooksManagerAndController_updateBook_handling.swift */,
				0BA8F26F22C1301E0038A28C /* BooksManagerAndController_removeBook_handling.swift */,
			);
			path = crud;
			sourceTree = "<group>";
		};
		0BA8F27122C131FB0038A28C /* assets */ = {
			isa = PBXGroup;
			children = (
				0BA8F27222C134C60038A28C /* BookcaseMedia.zip */,
			);
			path = assets;
			sourceTree = "<group>";
		};
		0BB3D6CB22BE82E900D59545 /* Snippets */ = {
			isa = PBXGroup;
			children = (
				0B76AC2C22CA628700E853BD /* networking-task */,
				0B76AC0222CA3E9A00E853BD /* databases */,
				0BB3FD7F22C51BA400750D99 /* userdefaults */,
				0BEC061822C2628B0099DA47 /* avfoundation */,
				0BA8F27122C131FB0038A28C /* assets */,
				0B7888CD22C11A9000EEBD4D /* crud */,
				0BB3D6D922BE975000D59545 /* navigation */,
				0BB3D6CC22BE82F100D59545 /* tables */,
			);
			path = Snippets;
			sourceTree = "<group>";
		};
		0BB3D6CC22BE82F100D59545 /* tables */ = {
			isa = PBXGroup;
			children = (
				0BB3D6CD22BE837200D59545 /* BooksTableViewController_rows_handling_test.swift */,
				0BB3D6D122BE89C200D59545 /* Book_model_definition.swift */,
				0BB3D6D522BE8B7D00D59545 /* BooksManager_class_definition.swift */,
				0BB3D6D722BE8E6700D59545 /* BooksTableViewController_cell_content_definition.swift */,
			);
			path = tables;
			sourceTree = "<group>";
		};
		0BB3D6D922BE975000D59545 /* navigation */ = {
			isa = PBXGroup;
			children = (
				0BB3D6DA22BE979100D59545 /* BookViewController_navigation_methods_definition.swift */,
				0BD56F5222BEA5E900669D09 /* BookViewController_BookViewControllerDelegate_protocol_definition.swift */,
				0BD56F5422BEA90500669D09 /* BookViewController_form_outlets_and_touch_save_method_update.swift */,
				0BD56F5622BEAD8B00669D09 /* BooksTableViewController_prepareForSegue_and_delegate_protocol_definition.swift */,
			);
			path = navigation;
			sourceTree = "<group>";
		};
		0BB3FD7F22C51BA400750D99 /* userdefaults */ = {
			isa = PBXGroup;
			children = (
				0BB3FD8022C51BDC00750D99 /* BookViewController_infoButton_addition.swift */,
				0BB3FD8222C51FEB00750D99 /* BookViewController_toogleISBN_method_addition.swift */,
				0BB3FD8422C5215E00750D99 /* BookViewController_userdefaults_reading.swift */,
			);
			path = userdefaults;
			sourceTree = "<group>";
		};
		0BEC061822C2628B0099DA47 /* avfoundation */ = {
			isa = PBXGroup;
			children = (
				0BEC061922C262CC0099DA47 /* BarcodeViewController_touchCancel_method_addition.swift */,
				0BEC061B22C2641A0099DA47 /* BarcodeViewController_BarcodeViewControllerDelegate_protocol_addition.swift */,
				0BEC061D22C266D90099DA47 /* BookViewController_delegate_handling_barcode_notification.swift */,
				0BE10B5A22C39786001A093A /* BarcodeViewController_AVCaptureSession_setup.swift */,
				0BE10B5C22C3999C001A093A /* BarcodeViewController_CaptureDeviceInput_definition.swift */,
				0BE10B5E22C39B4D001A093A /* BarcodeViewController_CaptureSession_input_connection.swift */,
				0BE10B6022C39CE3001A093A /* BarcodeViewController_metadataOutput_configuration.swift */,
				0BE10B6422C3A266001A093A /* BarcodeViewController_barcode_reading_handling.swift */,
				0BE10B6622C3A589001A093A /* BarcodeViewController_camera_preview_addition.swift */,
			);
			path = avfoundation;
			sourceTree = "<group>";
		};
		B9019F6E1CE229D500CAE744 = {
			isa = PBXGroup;
			children = (
				0BB3D6CB22BE82E900D59545 /* Snippets */,
				B9019F791CE229D500CAE744 /* Bookcase */,
				B9019F8E1CE229D500CAE744 /* BookcaseTests */,
				B9019F991CE229D500CAE744 /* BookcaseUITests */,
				B9019F781CE229D500CAE744 /* Products */,
				0B76AC0822CA447100E853BD /* Frameworks */,
			);
			sourceTree = "<group>";
		};
		B9019F781CE229D500CAE744 /* Products */ = {
			isa = PBXGroup;
			children = (
				B9019F771CE229D500CAE744 /* Bookcase.app */,
				B9019F8B1CE229D500CAE744 /* BookcaseTests.xctest */,
				B9019F961CE229D500CAE744 /* BookcaseUITests.xctest */,
			);
			name = Products;
			sourceTree = "<group>";
		};
		B9019F791CE229D500CAE744 /* Bookcase */ = {
			isa = PBXGroup;
			children = (
				0B76AC0B22CA44D300E853BD /* fmdb */,
				0B76AC0422CA400E00E853BD /* Books.db */,
				B9019F7A1CE229D500CAE744 /* AppDelegate.swift */,
				B9019F7E1CE229D500CAE744 /* Main.storyboard */,
				B9019F811CE229D500CAE744 /* Assets.xcassets */,
				B9019F831CE229D500CAE744 /* LaunchScreen.storyboard */,
				B9019F861CE229D500CAE744 /* Info.plist */,
				0BB3D6C922BE802E00D59545 /* BooksTableViewController.swift */,
				0BB3D6CF22BE893700D59545 /* Book.swift */,
				0BB3D6D322BE8A1600D59545 /* BooksManager.swift */,
				0BB3D6DC22BEA22900D59545 /* BookViewController.swift */,
				0BEC061622C2610F0099DA47 /* BarcodeViewController.swift */,
				0B76AC2D22CA635100E853BD /* GoogleBooksService.swift */,
			);
			path = Bookcase;
			sourceTree = "<group>";
		};
		B9019F8E1CE229D500CAE744 /* BookcaseTests */ = {
			isa = PBXGroup;
			children = (
				B9019F8F1CE229D500CAE744 /* BookcaseTests.swift */,
				B9019F911CE229D500CAE744 /* Info.plist */,
			);
			path = BookcaseTests;
			sourceTree = "<group>";
		};
		B9019F991CE229D500CAE744 /* BookcaseUITests */ = {
			isa = PBXGroup;
			children = (
				B9019F9A1CE229D500CAE744 /* BookcaseUITests.swift */,
				B9019F9C1CE229D500CAE744 /* Info.plist */,
			);
			path = BookcaseUITests;
			sourceTree = "<group>";
		};
/* End PBXGroup section */

/* Begin PBXNativeTarget section */
		B9019F761CE229D500CAE744 /* Bookcase */ = {
			isa = PBXNativeTarget;
			buildConfigurationList = B9019F9F1CE229D500CAE744 /* Build configuration list for PBXNativeTarget "Bookcase" */;
			buildPhases = (
				B9019F731CE229D500CAE744 /* Sources */,
				B9019F741CE229D500CAE744 /* Frameworks */,
				B9019F751CE229D500CAE744 /* Resources */,
			);
			buildRules = (
			);
			dependencies = (
			);
			name = Bookcase;
			productName = Bookcase;
			productReference = B9019F771CE229D500CAE744 /* Bookcase.app */;
			productType = "com.apple.product-type.application";
		};
		B9019F8A1CE229D500CAE744 /* BookcaseTests */ = {
			isa = PBXNativeTarget;
			buildConfigurationList = B9019FA21CE229D500CAE744 /* Build configuration list for PBXNativeTarget "BookcaseTests" */;
			buildPhases = (
				B9019F871CE229D500CAE744 /* Sources */,
				B9019F881CE229D500CAE744 /* Frameworks */,
				B9019F891CE229D500CAE744 /* Resources */,
			);
			buildRules = (
			);
			dependencies = (
				B9019F8D1CE229D500CAE744 /* PBXTargetDependency */,
			);
			name = BookcaseTests;
			productName = BookcaseTests;
			productReference = B9019F8B1CE229D500CAE744 /* BookcaseTests.xctest */;
			productType = "com.apple.product-type.bundle.unit-test";
		};
		B9019F951CE229D500CAE744 /* BookcaseUITests */ = {
			isa = PBXNativeTarget;
			buildConfigurationList = B9019FA51CE229D500CAE744 /* Build configuration list for PBXNativeTarget "BookcaseUITests" */;
			buildPhases = (
				B9019F921CE229D500CAE744 /* Sources */,
				B9019F931CE229D500CAE744 /* Frameworks */,
				B9019F941CE229D500CAE744 /* Resources */,
			);
			buildRules = (
			);
			dependencies = (
				B9019F981CE229D500CAE744 /* PBXTargetDependency */,
			);
			name = BookcaseUITests;
			productName = BookcaseUITests;
			productReference = B9019F961CE229D500CAE744 /* BookcaseUITests.xctest */;
			productType = "com.apple.product-type.bundle.ui-testing";
		};
/* End PBXNativeTarget section */

/* Begin PBXProject section */
		B9019F6F1CE229D500CAE744 /* Project object */ = {
			isa = PBXProject;
			attributes = {
				LastSwiftUpdateCheck = 0730;
				LastUpgradeCheck = 1020;
				ORGANIZATIONNAME = "Craig Grummitt";
				TargetAttributes = {
					B9019F761CE229D500CAE744 = {
						CreatedOnToolsVersion = 7.3;
						DevelopmentTeam = L85J7KV5NH;
						LastSwiftMigration = 1010;
					};
					B9019F8A1CE229D500CAE744 = {
						CreatedOnToolsVersion = 7.3;
						LastSwiftMigration = 1020;
						TestTargetID = B9019F761CE229D500CAE744;
					};
					B9019F951CE229D500CAE744 = {
						CreatedOnToolsVersion = 7.3;
						LastSwiftMigration = 1020;
						TestTargetID = B9019F761CE229D500CAE744;
					};
				};
			};
			buildConfigurationList = B9019F721CE229D500CAE744 /* Build configuration list for PBXProject "Bookcase" */;
			compatibilityVersion = "Xcode 3.2";
			developmentRegion = English;
			hasScannedForEncodings = 0;
			knownRegions = (
				English,
				en,
				Base,
			);
			mainGroup = B9019F6E1CE229D500CAE744;
			productRefGroup = B9019F781CE229D500CAE744 /* Products */;
			projectDirPath = "";
			projectRoot = "";
			targets = (
				B9019F761CE229D500CAE744 /* Bookcase */,
				B9019F8A1CE229D500CAE744 /* BookcaseTests */,
				B9019F951CE229D500CAE744 /* BookcaseUITests */,
			);
		};
/* End PBXProject section */

/* Begin PBXResourcesBuildPhase section */
		B9019F751CE229D500CAE744 /* Resources */ = {
			isa = PBXResourcesBuildPhase;
			buildActionMask = 2147483647;
			files = (
				B9019F851CE229D500CAE744 /* LaunchScreen.storyboard in Resources */,
				0BA8F27322C134C60038A28C /* BookcaseMedia.zip in Resources */,
				B9019F821CE229D500CAE744 /* Assets.xcassets in Resources */,
				0B76AC0522CA400E00E853BD /* Books.db in Resources */,
				B9019F801CE229D500CAE744 /* Main.storyboard in Resources */,
			);
			runOnlyForDeploymentPostprocessing = 0;
		};
		B9019F891CE229D500CAE744 /* Resources */ = {
			isa = PBXResourcesBuildPhase;
			buildActionMask = 2147483647;
			files = (
			);
			runOnlyForDeploymentPostprocessing = 0;
		};
		B9019F941CE229D500CAE744 /* Resources */ = {
			isa = PBXResourcesBuildPhase;
			buildActionMask = 2147483647;
			files = (
			);
			runOnlyForDeploymentPostprocessing = 0;
		};
/* End PBXResourcesBuildPhase section */

/* Begin PBXSourcesBuildPhase section */
		B9019F731CE229D500CAE744 /* Sources */ = {
			isa = PBXSourcesBuildPhase;
			buildActionMask = 2147483647;
			files = (
				0BB3D6D822BE8E6700D59545 /* BooksTableViewController_cell_content_definition.swift in Sources */,
				0BB3D6D222BE89C200D59545 /* Book_model_definition.swift in Sources */,
				0BE10B5F22C39B4D001A093A /* BarcodeViewController_CaptureSession_input_connection.swift in Sources */,
				0B76AC3022CA649300E853BD /* BookViewController_getBook_method_definition.swift in Sources */,
				0B76AC3A22CA6E1A00E853BD /* GoogleBooksService_URLRequest_definition.swift in Sources */,
				0BD56F5322BEA5E900669D09 /* BookViewController_BookViewControllerDelegate_protocol_definition.swift in Sources */,
				B9019F7B1CE229D500CAE744 /* AppDelegate.swift in Sources */,
				0B76AC3C22CA6FBD00E853BD /* GoogleBooksService_dataTask_definition.swift in Sources */,
				0BEC061A22C262CC0099DA47 /* BarcodeViewController_touchCancel_method_addition.swift in Sources */,
				0B76AC2B22CA58BD00E853BD /* BookViewController_touchSave_method_update_for_db.swift in Sources */,
				0B76AC1B22CA44EE00E853BD /* FMResultSet.m in Sources */,
				0B76AC2E22CA635100E853BD /* GoogleBooksService.swift in Sources */,
				0BB3FD8322C51FEB00750D99 /* BookViewController_toogleISBN_method_addition.swift in Sources */,
				0B76AC3E22CA712400E853BD /* GoogleBooksService_parseJSON_method_definition.swift in Sources */,
				0B76AC2522CA4EC600E853BD /* BooksManager_retrieveBooks_method_addition.swift in Sources */,
				0B76AC3222CA65E700E853BD /* GoogleBooksService_class_definition.swift in Sources */,
				0B76AC1F22CA478400E853BD /* BooksManager_getOpenDB_method_addition.swift in Sources */,
				0B76AC2122CA496500E853BD /* Book_init_methods_update_for_DB.swift in Sources */,
				0B76AC0722CA422F00E853BD /* BooksManager_database_path_definition.swift in Sources */,
				0BE10B6122C39CE3001A093A /* BarcodeViewController_metadataOutput_configuration.swift in Sources */,
				0BB3D6CE22BE837200D59545 /* BooksTableViewController_rows_handling_test.swift in Sources */,
				0B76AC1A22CA44EE00E853BD /* FMDatabaseQueue.m in Sources */,
				0BD56F5522BEA90500669D09 /* BookViewController_form_outlets_and_touch_save_method_update.swift in Sources */,
				0B76AC4022CA737F00E853BD /* GoogleBooksService_parseJSON_method_update.swift in Sources */,
				0BB3FD8522C5215E00750D99 /* BookViewController_userdefaults_reading.swift in Sources */,
				0B76AC3422CA688300E853BD /* BookViewController_foundBarcode_method_update.swift in Sources */,
				0BE10B6722C3A589001A093A /* BarcodeViewController_camera_preview_addition.swift in Sources */,
				0B76AC1C22CA44EE00E853BD /* FMDatabase.m in Sources */,
				0BB3D6D622BE8B7D00D59545 /* BooksManager_class_definition.swift in Sources */,
				0BE10B5B22C39786001A093A /* BarcodeViewController_AVCaptureSession_setup.swift in Sources */,
				0B76AC2722CA533800E853BD /* BooksManager_SQLAddBook_method_addition.swift in Sources */,
				0B76AC3622CA6AC400E853BD /* GoogleBooksService_class_definition_update.swift in Sources */,
				0B7888CF22C11CD100EEBD4D /* BookViewController_Book_instance_addition.swift in Sources */,
				0B76AC2922CA576F00E853BD /* BooksManager_SQLRemove_UpdateBook_methods_addition.swift in Sources */,
				0B76AC1822CA44EE00E853BD /* FMDatabasePool.m in Sources */,
				0B76AC2322CA4AB000E853BD /* Book_struct_update_for_DB.swift in Sources */,
				0B7888D322C129E100EEBD4D /* BookViewController_dissmissMe_method_update.swift in Sources */,
				0BB3FD8122C51BDC00750D99 /* BookViewController_infoButton_addition.swift in Sources */,
				0BB3D6D022BE893700D59545 /* Book.swift in Sources */,
				0BD56F5722BEAD8B00669D09 /* BooksTableViewController_prepareForSegue_and_delegate_protocol_definition.swift in Sources */,
				0B76AC1922CA44EE00E853BD /* FMDatabaseAdditions.m in Sources */,
				0BEC061C22C2641A0099DA47 /* BarcodeViewController_BarcodeViewControllerDelegate_protocol_addition.swift in Sources */,
				0BB3D6CA22BE802E00D59545 /* BooksTableViewController.swift in Sources */,
				0BA8F27022C1301E0038A28C /* BooksManagerAndController_removeBook_handling.swift in Sources */,
				0BB3D6DD22BEA22900D59545 /* BookViewController.swift in Sources */,
				0BA8F26E22C12C020038A28C /* BooksManagerAndController_updateBook_handling.swift in Sources */,
				0BB3D6DB22BE979100D59545 /* BookViewController_navigation_methods_definition.swift in Sources */,
				0BE10B6522C3A266001A093A /* BarcodeViewController_barcode_reading_handling.swift in Sources */,
				0BEC061722C2610F0099DA47 /* BarcodeViewController.swift in Sources */,
				0B7888D122C122D900EEBD4D /* BooksTableViewController_prepareForSegue_update_for_editing.swift in Sources */,
				0B76AC3822CA6D3800E853BD /* GoogleBooksService_URL_definition.swift in Sources */,
				0BB3D6D422BE8A1600D59545 /* BooksManager.swift in Sources */,
				0BE10B5D22C3999C001A093A /* BarcodeViewController_CaptureDeviceInput_definition.swift in Sources */,
				0BEC061E22C266D90099DA47 /* BookViewController_delegate_handling_barcode_notification.swift in Sources */,
			);
			runOnlyForDeploymentPostprocessing = 0;
		};
		B9019F871CE229D500CAE744 /* Sources */ = {
			isa = PBXSourcesBuildPhase;
			buildActionMask = 2147483647;
			files = (
				B9019F901CE229D500CAE744 /* BookcaseTests.swift in Sources */,
			);
			runOnlyForDeploymentPostprocessing = 0;
		};
		B9019F921CE229D500CAE744 /* Sources */ = {
			isa = PBXSourcesBuildPhase;
			buildActionMask = 2147483647;
			files = (
				B9019F9B1CE229D500CAE744 /* BookcaseUITests.swift in Sources */,
			);
			runOnlyForDeploymentPostprocessing = 0;
		};
/* End PBXSourcesBuildPhase section */

/* Begin PBXTargetDependency section */
		B9019F8D1CE229D500CAE744 /* PBXTargetDependency */ = {
			isa = PBXTargetDependency;
			target = B9019F761CE229D500CAE744 /* Bookcase */;
			targetProxy = B9019F8C1CE229D500CAE744 /* PBXContainerItemProxy */;
		};
		B9019F981CE229D500CAE744 /* PBXTargetDependency */ = {
			isa = PBXTargetDependency;
			target = B9019F761CE229D500CAE744 /* Bookcase */;
			targetProxy = B9019F971CE229D500CAE744 /* PBXContainerItemProxy */;
		};
/* End PBXTargetDependency section */

/* Begin PBXVariantGroup section */
		B9019F7E1CE229D500CAE744 /* Main.storyboard */ = {
			isa = PBXVariantGroup;
			children = (
				B9019F7F1CE229D500CAE744 /* Base */,
			);
			name = Main.storyboard;
			sourceTree = "<group>";
		};
		B9019F831CE229D500CAE744 /* LaunchScreen.storyboard */ = {
			isa = PBXVariantGroup;
			children = (
				B9019F841CE229D500CAE744 /* Base */,
			);
			name = LaunchScreen.storyboard;
			sourceTree = "<group>";
		};
/* End PBXVariantGroup section */

/* Begin XCBuildConfiguration section */
		B9019F9D1CE229D500CAE744 /* Debug */ = {
			isa = XCBuildConfiguration;
			buildSettings = {
				ALWAYS_SEARCH_USER_PATHS = NO;
				CLANG_ANALYZER_LOCALIZABILITY_NONLOCALIZED = YES;
				CLANG_ANALYZER_NONNULL = YES;
				CLANG_CXX_LANGUAGE_STANDARD = "gnu++0x";
				CLANG_CXX_LIBRARY = "libc++";
				CLANG_ENABLE_MODULES = YES;
				CLANG_ENABLE_OBJC_ARC = YES;
				CLANG_WARN_BLOCK_CAPTURE_AUTORELEASING = YES;
				CLANG_WARN_BOOL_CONVERSION = YES;
				CLANG_WARN_COMMA = YES;
				CLANG_WARN_CONSTANT_CONVERSION = YES;
				CLANG_WARN_DEPRECATED_OBJC_IMPLEMENTATIONS = YES;
				CLANG_WARN_DIRECT_OBJC_ISA_USAGE = YES_ERROR;
				CLANG_WARN_EMPTY_BODY = YES;
				CLANG_WARN_ENUM_CONVERSION = YES;
				CLANG_WARN_INFINITE_RECURSION = YES;
				CLANG_WARN_INT_CONVERSION = YES;
				CLANG_WARN_NON_LITERAL_NULL_CONVERSION = YES;
				CLANG_WARN_OBJC_IMPLICIT_RETAIN_SELF = YES;
				CLANG_WARN_OBJC_LITERAL_CONVERSION = YES;
				CLANG_WARN_OBJC_ROOT_CLASS = YES_ERROR;
				CLANG_WARN_RANGE_LOOP_ANALYSIS = YES;
				CLANG_WARN_STRICT_PROTOTYPES = YES;
				CLANG_WARN_SUSPICIOUS_MOVE = YES;
				CLANG_WARN_UNREACHABLE_CODE = YES;
				CLANG_WARN__DUPLICATE_METHOD_MATCH = YES;
				"CODE_SIGN_IDENTITY[sdk=iphoneos*]" = "iPhone Developer";
				COPY_PHASE_STRIP = NO;
				DEBUG_INFORMATION_FORMAT = dwarf;
				ENABLE_STRICT_OBJC_MSGSEND = YES;
				ENABLE_TESTABILITY = YES;
				GCC_C_LANGUAGE_STANDARD = gnu99;
				GCC_DYNAMIC_NO_PIC = NO;
				GCC_NO_COMMON_BLOCKS = YES;
				GCC_OPTIMIZATION_LEVEL = 0;
				GCC_PREPROCESSOR_DEFINITIONS = (
					"DEBUG=1",
					"$(inherited)",
				);
				GCC_WARN_64_TO_32_BIT_CONVERSION = YES;
				GCC_WARN_ABOUT_RETURN_TYPE = YES_ERROR;
				GCC_WARN_UNDECLARED_SELECTOR = YES;
				GCC_WARN_UNINITIALIZED_AUTOS = YES_AGGRESSIVE;
				GCC_WARN_UNUSED_FUNCTION = YES;
				GCC_WARN_UNUSED_VARIABLE = YES;
				IPHONEOS_DEPLOYMENT_TARGET = 9.3;
				MTL_ENABLE_DEBUG_INFO = YES;
				ONLY_ACTIVE_ARCH = YES;
				SDKROOT = iphoneos;
				SWIFT_OPTIMIZATION_LEVEL = "-Onone";
				TARGETED_DEVICE_FAMILY = "1,2";
			};
			name = Debug;
		};
		B9019F9E1CE229D500CAE744 /* Release */ = {
			isa = XCBuildConfiguration;
			buildSettings = {
				ALWAYS_SEARCH_USER_PATHS = NO;
				CLANG_ANALYZER_LOCALIZABILITY_NONLOCALIZED = YES;
				CLANG_ANALYZER_NONNULL = YES;
				CLANG_CXX_LANGUAGE_STANDARD = "gnu++0x";
				CLANG_CXX_LIBRARY = "libc++";
				CLANG_ENABLE_MODULES = YES;
				CLANG_ENABLE_OBJC_ARC = YES;
				CLANG_WARN_BLOCK_CAPTURE_AUTORELEASING = YES;
				CLANG_WARN_BOOL_CONVERSION = YES;
				CLANG_WARN_COMMA = YES;
				CLANG_WARN_CONSTANT_CONVERSION = YES;
				CLANG_WARN_DEPRECATED_OBJC_IMPLEMENTATIONS = YES;
				CLANG_WARN_DIRECT_OBJC_ISA_USAGE = YES_ERROR;
				CLANG_WARN_EMPTY_BODY = YES;
				CLANG_WARN_ENUM_CONVERSION = YES;
				CLANG_WARN_INFINITE_RECURSION = YES;
				CLANG_WARN_INT_CONVERSION = YES;
				CLANG_WARN_NON_LITERAL_NULL_CONVERSION = YES;
				CLANG_WARN_OBJC_IMPLICIT_RETAIN_SELF = YES;
				CLANG_WARN_OBJC_LITERAL_CONVERSION = YES;
				CLANG_WARN_OBJC_ROOT_CLASS = YES_ERROR;
				CLANG_WARN_RANGE_LOOP_ANALYSIS = YES;
				CLANG_WARN_STRICT_PROTOTYPES = YES;
				CLANG_WARN_SUSPICIOUS_MOVE = YES;
				CLANG_WARN_UNREACHABLE_CODE = YES;
				CLANG_WARN__DUPLICATE_METHOD_MATCH = YES;
				"CODE_SIGN_IDENTITY[sdk=iphoneos*]" = "iPhone Developer";
				COPY_PHASE_STRIP = NO;
				DEBUG_INFORMATION_FORMAT = "dwarf-with-dsym";
				ENABLE_NS_ASSERTIONS = NO;
				ENABLE_STRICT_OBJC_MSGSEND = YES;
				GCC_C_LANGUAGE_STANDARD = gnu99;
				GCC_NO_COMMON_BLOCKS = YES;
				GCC_WARN_64_TO_32_BIT_CONVERSION = YES;
				GCC_WARN_ABOUT_RETURN_TYPE = YES_ERROR;
				GCC_WARN_UNDECLARED_SELECTOR = YES;
				GCC_WARN_UNINITIALIZED_AUTOS = YES_AGGRESSIVE;
				GCC_WARN_UNUSED_FUNCTION = YES;
				GCC_WARN_UNUSED_VARIABLE = YES;
				IPHONEOS_DEPLOYMENT_TARGET = 9.3;
				MTL_ENABLE_DEBUG_INFO = NO;
				SDKROOT = iphoneos;
				TARGETED_DEVICE_FAMILY = "1,2";
				VALIDATE_PRODUCT = YES;
			};
			name = Release;
		};
		B9019FA01CE229D500CAE744 /* Debug */ = {
			isa = XCBuildConfiguration;
			buildSettings = {
				ASSETCATALOG_COMPILER_APPICON_NAME = AppIcon;
				CLANG_ENABLE_MODULES = YES;
				DEVELOPMENT_TEAM = L85J7KV5NH;
				EXCLUDED_SOURCE_FILE_NAMES = (
					"\"Snippets/tables/*\"",
					"\"Snippets/navigation/*\"",
					"\"Snippets/crud/*\"",
					"\"Snippets/assets/*\"",
					"\"Snippets/avfoundation/*\"",
					"\"Snippets/userdefaults/*\"",
					"\"Snippets/databases/*\"",
					"\"Snippets/networking-task/*\"",
				);
				INFOPLIST_FILE = Bookcase/Info.plist;
				LD_RUNPATH_SEARCH_PATHS = "$(inherited) @executable_path/Frameworks";
				PRODUCT_BUNDLE_IDENTIFIER = com.aplimovil;
				PRODUCT_NAME = "$(TARGET_NAME)";
				SWIFT_OBJC_BRIDGING_HEADER = "Bookcase/fmdb/Bookcase-Bridging-Header.h";
				SWIFT_OPTIMIZATION_LEVEL = "-Onone";
				SWIFT_VERSION = 4.2;
			};
			name = Debug;
		};
		B9019FA11CE229D500CAE744 /* Release */ = {
			isa = XCBuildConfiguration;
			buildSettings = {
				ASSETCATALOG_COMPILER_APPICON_NAME = AppIcon;
				CLANG_ENABLE_MODULES = YES;
				DEVELOPMENT_TEAM = L85J7KV5NH;
				EXCLUDED_SOURCE_FILE_NAMES = (
					"\"Snippets/tables/*\"",
					"\"Snippets/navigation/*\"",
					"\"Snippets/crud/*\"",
					"\"Snippets/assets/*\"",
					"\"Snippets/avfoundation/*\"",
					"\"Snippets/userdefaults/*\"",
					"\"Snippets/databases/*\"",
					"\"Snippets/networking-task/*\"",
				);
				INFOPLIST_FILE = Bookcase/Info.plist;
				LD_RUNPATH_SEARCH_PATHS = "$(inherited) @executable_path/Frameworks";
				PRODUCT_BUNDLE_IDENTIFIER = com.aplimovil;
				PRODUCT_NAME = "$(TARGET_NAME)";
				SWIFT_OBJC_BRIDGING_HEADER = "Bookcase/fmdb/Bookcase-Bridging-Header.h";
				SWIFT_OPTIMIZATION_LEVEL = "-Owholemodule";
				SWIFT_VERSION = 4.2;
			};
			name = Release;
		};
		B9019FA31CE229D500CAE744 /* Debug */ = {
			isa = XCBuildConfiguration;
			buildSettings = {
				BUNDLE_LOADER = "$(TEST_HOST)";
				INFOPLIST_FILE = BookcaseTests/Info.plist;
				LD_RUNPATH_SEARCH_PATHS = "$(inherited) @executable_path/Frameworks @loader_path/Frameworks";
				PRODUCT_BUNDLE_IDENTIFIER = com.interactivecoconut.BookcaseTests;
				PRODUCT_NAME = "$(TARGET_NAME)";
				SWIFT_VERSION = 5.0;
				TEST_HOST = "$(BUILT_PRODUCTS_DIR)/Bookcase.app/Bookcase";
			};
			name = Debug;
		};
		B9019FA41CE229D500CAE744 /* Release */ = {
			isa = XCBuildConfiguration;
			buildSettings = {
				BUNDLE_LOADER = "$(TEST_HOST)";
				INFOPLIST_FILE = BookcaseTests/Info.plist;
				LD_RUNPATH_SEARCH_PATHS = "$(inherited) @executable_path/Frameworks @loader_path/Frameworks";
				PRODUCT_BUNDLE_IDENTIFIER = com.interactivecoconut.BookcaseTests;
				PRODUCT_NAME = "$(TARGET_NAME)";
				SWIFT_OPTIMIZATION_LEVEL = "-Owholemodule";
				SWIFT_VERSION = 5.0;
				TEST_HOST = "$(BUILT_PRODUCTS_DIR)/Bookcase.app/Bookcase";
			};
			name = Release;
		};
		B9019FA61CE229D500CAE744 /* Debug */ = {
			isa = XCBuildConfiguration;
			buildSettings = {
				INFOPLIST_FILE = BookcaseUITests/Info.plist;
				LD_RUNPATH_SEARCH_PATHS = "$(inherited) @executable_path/Frameworks @loader_path/Frameworks";
				PRODUCT_BUNDLE_IDENTIFIER = com.interactivecoconut.BookcaseUITests;
				PRODUCT_NAME = "$(TARGET_NAME)";
				SWIFT_VERSION = 5.0;
				TEST_TARGET_NAME = Bookcase;
			};
			name = Debug;
		};
		B9019FA71CE229D500CAE744 /* Release */ = {
			isa = XCBuildConfiguration;
			buildSettings = {
				INFOPLIST_FILE = BookcaseUITests/Info.plist;
				LD_RUNPATH_SEARCH_PATHS = "$(inherited) @executable_path/Frameworks @loader_path/Frameworks";
				PRODUCT_BUNDLE_IDENTIFIER = com.interactivecoconut.BookcaseUITests;
				PRODUCT_NAME = "$(TARGET_NAME)";
				SWIFT_OPTIMIZATION_LEVEL = "-Owholemodule";
				SWIFT_VERSION = 5.0;
				TEST_TARGET_NAME = Bookcase;
			};
			name = Release;
		};
/* End XCBuildConfiguration section */

/* Begin XCConfigurationList section */
		B9019F721CE229D500CAE744 /* Build configuration list for PBXProject "Bookcase" */ = {
			isa = XCConfigurationList;
			buildConfigurations = (
				B9019F9D1CE229D500CAE744 /* Debug */,
				B9019F9E1CE229D500CAE744 /* Release */,
			);
			defaultConfigurationIsVisible = 0;
			defaultConfigurationName = Release;
		};
		B9019F9F1CE229D500CAE744 /* Build configuration list for PBXNativeTarget "Bookcase" */ = {
			isa = XCConfigurationList;
			buildConfigurations = (
				B9019FA01CE229D500CAE744 /* Debug */,
				B9019FA11CE229D500CAE744 /* Release */,
			);
			defaultConfigurationIsVisible = 0;
			defaultConfigurationName = Release;
		};
		B9019FA21CE229D500CAE744 /* Build configuration list for PBXNativeTarget "BookcaseTests" */ = {
			isa = XCConfigurationList;
			buildConfigurations = (
				B9019FA31CE229D500CAE744 /* Debug */,
				B9019FA41CE229D500CAE744 /* Release */,
			);
			defaultConfigurationIsVisible = 0;
			defaultConfigurationName = Release;
		};
		B9019FA51CE229D500CAE744 /* Build configuration list for PBXNativeTarget "BookcaseUITests" */ = {
			isa = XCConfigurationList;
			buildConfigurations = (
				B9019FA61CE229D500CAE744 /* Debug */,
				B9019FA71CE229D500CAE744 /* Release */,
			);
			defaultConfigurationIsVisible = 0;
			defaultConfigurationName = Release;
		};
/* End XCConfigurationList section */
	};
	rootObject = B9019F6F1CE229D500CAE744 /* Project object */;
}
